
Microsoft Visual Studio Solution File, Format Version 12.00
# Visual Studio Version 16
VisualStudioVersion = 16.0.31410.357
MinimumVisualStudioVersion = 10.0.40219.1
Project("{FAE04EC0-301F-11D3-BF4B-00C04F79EFBC}") = "DepartmentXmlJson", "DepartmentXmlJson\DepartmentXmlJson.csproj", "{FE6F18CA-CBA6-4F5A-B527-A0E5DDBD495E}"
EndProject
Global
	GlobalSection(SolutionConfigurationPlatforms) = preSolution
		Debug|Any CPU = Debug|Any CPU
		Release|Any CPU = Release|Any CPU
	EndGlobalSection
	GlobalSection(ProjectConfigurationPlatforms) = postSolution
		{FE6F18CA-CBA6-4F5A-B527-A0E5DDBD495E}.Debug|Any CPU.ActiveCfg = Debug|Any CPU
		{FE6F18CA-CBA6-4F5A-B527-A0E5DDBD495E}.Debug|Any CPU.Build.0 = Debug|Any CPU
		{FE6F18CA-CBA6-4F5A-B527-A0E5DDBD495E}.Release|Any CPU.ActiveCfg = Release|Any CPU
		{FE6F18CA-CBA6-4F5A-B527-A0E5DDBD495E}.Release|Any CPU.Build.0 = Release|Any CPU
	EndGlobalSection
	GlobalSection(SolutionProperties) = preSolution
		HideSolutionNode = FALSE
	EndGlobalSection
	GlobalSection(ExtensibilityGlobals) = postSolution
		SolutionGuid = {05B59314-A515-4758-8061-AE069B99E9F6}
	EndGlobalSection
EndGlobal
